
Microsoft Visual Studio Solution File, Format Version 12.00
Project("{FAE04EC0-301F-11D3-BF4B-00C04F79EFBC}") = "Domain", "Domain\Domain.csproj", "{F2737638-7EBB-4EB7-A19F-B4270E4C7796}"
EndProject
Project("{FAE04EC0-301F-11D3-BF4B-00C04F79EFBC}") = "Application", "Application\Application.csproj", "{66EECC49-BC76-4756-BB81-ED6E08B076A6}"
EndProject
Project("{FAE04EC0-301F-11D3-BF4B-00C04F79EFBC}") = "FileData", "FileData\FileData.csproj", "{F743B1A1-C69D-4000-87B6-39732AED896C}"
EndProject
Project("{FAE04EC0-301F-11D3-BF4B-00C04F79EFBC}") = "TodoAPI", "TodoAPI\TodoAPI.csproj", "{AE9A366C-5064-4488-A099-E41A3DA98878}"
EndProject
Project("{FAE04EC0-301F-11D3-BF4B-00C04F79EFBC}") = "BlazorWASM", "BlazorWASM\BlazorWASM.csproj", "{D814F7E4-B509-400F-9B2B-1367C73037EF}"
EndProject
Project("{FAE04EC0-301F-11D3-BF4B-00C04F79EFBC}") = "HttpClients", "HttpClients\HttpClients.csproj", "{AEB61B8A-0EB8-4E2D-B05F-DFB536FDA3CE}"
EndProject
Project("{2150E333-8FDC-42A3-9474-1A3956D46DE8}") = "Blazor", "Blazor", "{C9AC7627-BA1C-4113-9993-43F28EB05C08}"
EndProject
Project("{2150E333-8FDC-42A3-9474-1A3956D46DE8}") = "WebAPI", "WebAPI", "{B5AE845F-1D4E-4046-9F21-1839F025CC1E}"
EndProject
Project("{2150E333-8FDC-42A3-9474-1A3956D46DE8}") = "Authentication", "Authentication", "{6CE4495B-C277-4C52-81D3-78B277B50E9A}"
EndProject
Project("{FAE04EC0-301F-11D3-BF4B-00C04F79EFBC}") = "Shared", "Shared\Shared.csproj", "{34875F6C-29F9-4693-A73F-7184091A3594}"
EndProject
Global
	GlobalSection(SolutionConfigurationPlatforms) = preSolution
		Debug|Any CPU = Debug|Any CPU
		Release|Any CPU = Release|Any CPU
	EndGlobalSection
	GlobalSection(ProjectConfigurationPlatforms) = postSolution
		{F2737638-7EBB-4EB7-A19F-B4270E4C7796}.Debug|Any CPU.ActiveCfg = Debug|Any CPU
		{F2737638-7EBB-4EB7-A19F-B4270E4C7796}.Debug|Any CPU.Build.0 = Debug|Any CPU
		{F2737638-7EBB-4EB7-A19F-B4270E4C7796}.Release|Any CPU.ActiveCfg = Release|Any CPU
		{F2737638-7EBB-4EB7-A19F-B4270E4C7796}.Release|Any CPU.Build.0 = Release|Any CPU
		{66EECC49-BC76-4756-BB81-ED6E08B076A6}.Debug|Any CPU.ActiveCfg = Debug|Any CPU
		{66EECC49-BC76-4756-BB81-ED6E08B076A6}.Debug|Any CPU.Build.0 = Debug|Any CPU
		{66EECC49-BC76-4756-BB81-ED6E08B076A6}.Release|Any CPU.ActiveCfg = Release|Any CPU
		{66EECC49-BC76-4756-BB81-ED6E08B076A6}.Release|Any CPU.Build.0 = Release|Any CPU
		{F743B1A1-C69D-4000-87B6-39732AED896C}.Debug|Any CPU.ActiveCfg = Debug|Any CPU
		{F743B1A1-C69D-4000-87B6-39732AED896C}.Debug|Any CPU.Build.0 = Debug|Any CPU
		{F743B1A1-C69D-4000-87B6-39732AED896C}.Release|Any CPU.ActiveCfg = Release|Any CPU
		{F743B1A1-C69D-4000-87B6-39732AED896C}.Release|Any CPU.Build.0 = Release|Any CPU
		{AE9A366C-5064-4488-A099-E41A3DA98878}.Debug|Any CPU.ActiveCfg = Debug|Any CPU
		{AE9A366C-5064-4488-A099-E41A3DA98878}.Debug|Any CPU.Build.0 = Debug|Any CPU
		{AE9A366C-5064-4488-A099-E41A3DA98878}.Release|Any CPU.ActiveCfg = Release|Any CPU
		{AE9A366C-5064-4488-A099-E41A3DA98878}.Release|Any CPU.Build.0 = Release|Any CPU
		{D814F7E4-B509-400F-9B2B-1367C73037EF}.Debug|Any CPU.ActiveCfg = Debug|Any CPU
		{D814F7E4-B509-400F-9B2B-1367C73037EF}.Debug|Any CPU.Build.0 = Debug|Any CPU
		{D814F7E4-B509-400F-9B2B-1367C73037EF}.Release|Any CPU.ActiveCfg = Release|Any CPU
		{D814F7E4-B509-400F-9B2B-1367C73037EF}.Release|Any CPU.Build.0 = Release|Any CPU
		{AEB61B8A-0EB8-4E2D-B05F-DFB536FDA3CE}.Debug|Any CPU.ActiveCfg = Debug|Any CPU
		{AEB61B8A-0EB8-4E2D-B05F-DFB536FDA3CE}.Debug|Any CPU.Build.0 = Debug|Any CPU
		{AEB61B8A-0EB8-4E2D-B05F-DFB536FDA3CE}.Release|Any CPU.ActiveCfg = Release|Any CPU
		{AEB61B8A-0EB8-4E2D-B05F-DFB536FDA3CE}.Release|Any CPU.Build.0 = Release|Any CPU
		{34875F6C-29F9-4693-A73F-7184091A3594}.Debug|Any CPU.ActiveCfg = Debug|Any CPU
		{34875F6C-29F9-4693-A73F-7184091A3594}.Debug|Any CPU.Build.0 = Debug|Any CPU
		{34875F6C-29F9-4693-A73F-7184091A3594}.Release|Any CPU.ActiveCfg = Release|Any CPU
		{34875F6C-29F9-4693-A73F-7184091A3594}.Release|Any CPU.Build.0 = Release|Any CPU
	EndGlobalSection
	GlobalSection(NestedProjects) = preSolution
		{F2737638-7EBB-4EB7-A19F-B4270E4C7796} = {B5AE845F-1D4E-4046-9F21-1839F025CC1E}
		{F743B1A1-C69D-4000-87B6-39732AED896C} = {B5AE845F-1D4E-4046-9F21-1839F025CC1E}
		{66EECC49-BC76-4756-BB81-ED6E08B076A6} = {B5AE845F-1D4E-4046-9F21-1839F025CC1E}
		{AE9A366C-5064-4488-A099-E41A3DA98878} = {B5AE845F-1D4E-4046-9F21-1839F025CC1E}
		{D814F7E4-B509-400F-9B2B-1367C73037EF} = {C9AC7627-BA1C-4113-9993-43F28EB05C08}
		{AEB61B8A-0EB8-4E2D-B05F-DFB536FDA3CE} = {C9AC7627-BA1C-4113-9993-43F28EB05C08}
		{34875F6C-29F9-4693-A73F-7184091A3594} = {6CE4495B-C277-4C52-81D3-78B277B50E9A}
	EndGlobalSection
EndGlobal
